
Microsoft Visual Studio Solution File, Format Version 12.00
# Visual Studio 15
VisualStudioVersion = 15.0.26430.6
MinimumVisualStudioVersion = 10.0.40219.1
Project("{FAE04EC0-301F-11D3-BF4B-00C04F79EFBC}") = "ProdutoraCrescer.Api", "ProdutoraCrescer.Api\ProdutoraCrescer.Api.csproj", "{B95A0C36-62B3-477D-9F17-14CE0CFE8001}"
EndProject
Project("{FAE04EC0-301F-11D3-BF4B-00C04F79EFBC}") = "ProdutoraCrescer.Api.Testes", "ProdutoraCrescer.Api.Testes\ProdutoraCrescer.Api.Testes.csproj", "{A9C291CF-95B2-45BD-B453-9482C8CFE1B6}"
EndProject
Project("{FAE04EC0-301F-11D3-BF4B-00C04F79EFBC}") = "ProdutoraCrescer.Infraestrutura", "ProdutoraCrescer.Infraestrutura\ProdutoraCrescer.Infraestrutura.csproj", "{B566C198-41AC-48D3-B877-6913124A6C0F}"
EndProject
Project("{FAE04EC0-301F-11D3-BF4B-00C04F79EFBC}") = "ProdutoraCrescer.Dominio", "ProdutoraCrescer.Dominio\ProdutoraCrescer.Dominio.csproj", "{383101C7-441E-4FDB-A67A-9D416FCD8FE2}"
EndProject
Global
	GlobalSection(SolutionConfigurationPlatforms) = preSolution
		Debug|Any CPU = Debug|Any CPU
		Release|Any CPU = Release|Any CPU
	EndGlobalSection
	GlobalSection(ProjectConfigurationPlatforms) = postSolution
		{B95A0C36-62B3-477D-9F17-14CE0CFE8001}.Debug|Any CPU.ActiveCfg = Debug|Any CPU
		{B95A0C36-62B3-477D-9F17-14CE0CFE8001}.Debug|Any CPU.Build.0 = Debug|Any CPU
		{B95A0C36-62B3-477D-9F17-14CE0CFE8001}.Release|Any CPU.ActiveCfg = Release|Any CPU
		{B95A0C36-62B3-477D-9F17-14CE0CFE8001}.Release|Any CPU.Build.0 = Release|Any CPU
		{A9C291CF-95B2-45BD-B453-9482C8CFE1B6}.Debug|Any CPU.ActiveCfg = Debug|Any CPU
		{A9C291CF-95B2-45BD-B453-9482C8CFE1B6}.Debug|Any CPU.Build.0 = Debug|Any CPU
		{A9C291CF-95B2-45BD-B453-9482C8CFE1B6}.Release|Any CPU.ActiveCfg = Release|Any CPU
		{A9C291CF-95B2-45BD-B453-9482C8CFE1B6}.Release|Any CPU.Build.0 = Release|Any CPU
		{B566C198-41AC-48D3-B877-6913124A6C0F}.Debug|Any CPU.ActiveCfg = Debug|Any CPU
		{B566C198-41AC-48D3-B877-6913124A6C0F}.Debug|Any CPU.Build.0 = Debug|Any CPU
		{B566C198-41AC-48D3-B877-6913124A6C0F}.Release|Any CPU.ActiveCfg = Release|Any CPU
		{B566C198-41AC-48D3-B877-6913124A6C0F}.Release|Any CPU.Build.0 = Release|Any CPU
		{383101C7-441E-4FDB-A67A-9D416FCD8FE2}.Debug|Any CPU.ActiveCfg = Debug|Any CPU
		{383101C7-441E-4FDB-A67A-9D416FCD8FE2}.Debug|Any CPU.Build.0 = Debug|Any CPU
		{383101C7-441E-4FDB-A67A-9D416FCD8FE2}.Release|Any CPU.ActiveCfg = Release|Any CPU
		{383101C7-441E-4FDB-A67A-9D416FCD8FE2}.Release|Any CPU.Build.0 = Release|Any CPU
	EndGlobalSection
	GlobalSection(SolutionProperties) = preSolution
		HideSolutionNode = FALSE
	EndGlobalSection
EndGlobal
