
Microsoft Visual Studio Solution File, Format Version 12.00
# Visual Studio 15
VisualStudioVersion = 15.0.26430.6
MinimumVisualStudioVersion = 10.0.40219.1
Project("{FAE04EC0-301F-11D3-BF4B-00C04F79EFBC}") = "EditoraCrescer.Infraesturtura", "CWI.EditoraCresccer\EditoraCrescer.Infraesturtura.csproj", "{57780BC6-C6FE-4CA0-94EC-69C31BDDADC9}"
EndProject
Project("{FAE04EC0-301F-11D3-BF4B-00C04F79EFBC}") = "ConsoleApplicationTeste", "ConsoleApplicationTeste\ConsoleApplicationTeste.csproj", "{CA10FDED-6F2C-4930-BB95-3C5490BCC424}"
EndProject
Project("{FAE04EC0-301F-11D3-BF4B-00C04F79EFBC}") = "EditoraCrescer.Api", "EditoraCrescer.Api\EditoraCrescer.Api.csproj", "{50E8941F-92BD-42EF-A438-AA68162C11E1}"
EndProject
Global
	GlobalSection(SolutionConfigurationPlatforms) = preSolution
		Debug|Any CPU = Debug|Any CPU
		Release|Any CPU = Release|Any CPU
	EndGlobalSection
	GlobalSection(ProjectConfigurationPlatforms) = postSolution
		{57780BC6-C6FE-4CA0-94EC-69C31BDDADC9}.Debug|Any CPU.ActiveCfg = Debug|Any CPU
		{57780BC6-C6FE-4CA0-94EC-69C31BDDADC9}.Debug|Any CPU.Build.0 = Debug|Any CPU
		{57780BC6-C6FE-4CA0-94EC-69C31BDDADC9}.Release|Any CPU.ActiveCfg = Release|Any CPU
		{57780BC6-C6FE-4CA0-94EC-69C31BDDADC9}.Release|Any CPU.Build.0 = Release|Any CPU
		{CA10FDED-6F2C-4930-BB95-3C5490BCC424}.Debug|Any CPU.ActiveCfg = Debug|Any CPU
		{CA10FDED-6F2C-4930-BB95-3C5490BCC424}.Debug|Any CPU.Build.0 = Debug|Any CPU
		{CA10FDED-6F2C-4930-BB95-3C5490BCC424}.Release|Any CPU.ActiveCfg = Release|Any CPU
		{CA10FDED-6F2C-4930-BB95-3C5490BCC424}.Release|Any CPU.Build.0 = Release|Any CPU
		{50E8941F-92BD-42EF-A438-AA68162C11E1}.Debug|Any CPU.ActiveCfg = Debug|Any CPU
		{50E8941F-92BD-42EF-A438-AA68162C11E1}.Debug|Any CPU.Build.0 = Debug|Any CPU
		{50E8941F-92BD-42EF-A438-AA68162C11E1}.Release|Any CPU.ActiveCfg = Release|Any CPU
		{50E8941F-92BD-42EF-A438-AA68162C11E1}.Release|Any CPU.Build.0 = Release|Any CPU
	EndGlobalSection
	GlobalSection(SolutionProperties) = preSolution
		HideSolutionNode = FALSE
	EndGlobalSection
EndGlobal
